{
  "name": "auto-chess-battle",
  "version": "0.1.0",
  "lockfileVersion": 3,
  "requires": true,
  "packages": {
    "": {
      "name": "auto-chess-battle",
      "version": "0.1.0",
      "dependencies": {
        "@testing-library/jest-dom": "^5.16.5",
        "@testing-library/react": "^13.4.0",
        "@testing-library/user-event": "^13.5.0",
        "firebase": "^10.8.0",
        "react": "^18.2.0",
        "react-dom": "^18.2.0",
        "react-router-dom": "^6.22.2",
        "react-scripts": "5.0.1",
        "styled-components": "^6.1.8",
        "uuid": "^9.0.1",
        "web-vitals": "^2.1.4"
      },
      "devDependencies": {
        "gh-pages": "^6.1.1"
      },
      "homepage": "https://yanchen184.github.io/auto-chess-battle"
    }
  }
}